// !$*UTF8*$!
{
	archiveVersion = 1;
	classes = {
	};
	objectVersion = 48;
	objects = {

/* Begin PBXBuildFile section */
		B84508CC2004EB99008E0A3F /* AppDelegate.swift in Sources */ = {isa = PBXBuildFile; fileRef = B84508CB2004EB99008E0A3F /* AppDelegate.swift */; };
		B84508CE2004EB99008E0A3F /* ViewController.swift in Sources */ = {isa = PBXBuildFile; fileRef = B84508CD2004EB99008E0A3F /* ViewController.swift */; };
		B84508D12004EB99008E0A3F /* Main.storyboard in Resources */ = {isa = PBXBuildFile; fileRef = B84508CF2004EB99008E0A3F /* Main.storyboard */; };
		B84508D32004EB99008E0A3F /* Assets.xcassets in Resources */ = {isa = PBXBuildFile; fileRef = B84508D22004EB99008E0A3F /* Assets.xcassets */; };
		B84508D62004EB99008E0A3F /* LaunchScreen.storyboard in Resources */ = {isa = PBXBuildFile; fileRef = B84508D42004EB99008E0A3F /* LaunchScreen.storyboard */; };
		B84508E12004EB99008E0A3F /* myfirstappTests.swift in Sources */ = {isa = PBXBuildFile; fileRef = B84508E02004EB99008E0A3F /* myfirstappTests.swift */; };
		B84508EC2004EB99008E0A3F /* myfirstappUITests.swift in Sources */ = {isa = PBXBuildFile; fileRef = B84508EB2004EB99008E0A3F /* myfirstappUITests.swift */; };
/* End PBXBuildFile section */

/* Begin PBXContainerItemProxy section */
		B84508DD2004EB99008E0A3F /* PBXContainerItemProxy */ = {
			isa = PBXContainerItemProxy;
			containerPortal = B84508C02004EB99008E0A3F /* Project object */;
			proxyType = 1;
			remoteGlobalIDString = B84508C72004EB99008E0A3F;
			remoteInfo = myfirstapp;
		};
		B84508E82004EB99008E0A3F /* PBXContainerItemProxy */ = {
			isa = PBXContainerItemProxy;
			containerPortal = B84508C02004EB99008E0A3F /* Project object */;
			proxyType = 1;
			remoteGlobalIDString = B84508C72004EB99008E0A3F;
			remoteInfo = myfirstapp;
		};
/* End PBXContainerItemProxy section */

/* Begin PBXFileReference section */
		B84508C82004EB99008E0A3F /* myfirstapp.app */ = {isa = PBXFileReference; explicitFileType = wrapper.application; includeInIndex = 0; path = myfirstapp.app; sourceTree = BUILT_PRODUCTS_DIR; };
		B84508CB2004EB99008E0A3F /* AppDelegate.swift */ = {isa = PBXFileReference; lastKnownFileType = sourcecode.swift; path = AppDelegate.swift; sourceTree = "<group>"; };
		B84508CD2004EB99008E0A3F /* ViewController.swift */ = {isa = PBXFileReference; lastKnownFileType = sourcecode.swift; path = ViewController.swift; sourceTree = "<group>"; };
		B84508D02004EB99008E0A3F /* Base */ = {isa = PBXFileReference; lastKnownFileType = file.storyboard; name = Base; path = Base.lproj/Main.storyboard; sourceTree = "<group>"; };
		B84508D22004EB99008E0A3F /* Assets.xcassets */ = {isa = PBXFileReference; lastKnownFileType = folder.assetcatalog; path = Assets.xcassets; sourceTree = "<group>"; };
		B84508D52004EB99008E0A3F /* Base */ = {isa = PBXFileReference; lastKnownFileType = file.storyboard; name = Base; path = Base.lproj/LaunchScreen.storyboard; sourceTree = "<group>"; };
		B84508D72004EB99008E0A3F /* Info.plist */ = {isa = PBXFileReference; lastKnownFileType = text.plist.xml; path = Info.plist; sourceTree = "<group>"; };
		B84508DC2004EB99008E0A3F /* myfirstappTests.xctest */ = {isa = PBXFileReference; explicitFileType = wrapper.cfbundle; includeInIndex = 0; path = myfirstappTests.xctest; sourceTree = BUILT_PRODUCTS_DIR; };
		B84508E02004EB99008E0A3F /* myfirstappTests.swift */ = {isa = PBXFileReference; lastKnownFileType = sourcecode.swift; path = myfirstappTests.swift; sourceTree = "<group>"; };
		B84508E22004EB99008E0A3F /* Info.plist */ = {isa = PBXFileReference; lastKnownFileType = text.plist.xml; path = Info.plist; sourceTree = "<group>"; };
		B84508E72004EB99008E0A3F /* myfirstappUITests.xctest */ = {isa = PBXFileReference; explicitFileType = wrapper.cfbundle; includeInIndex = 0; path = myfirstappUITests.xctest; sourceTree = BUILT_PRODUCTS_DIR; };
		B84508EB2004EB99008E0A3F /* myfirstappUITests.swift */ = {isa = PBXFileReference; lastKnownFileType = sourcecode.swift; path = myfirstappUITests.swift; sourceTree = "<group>"; };
		B84508ED2004EB99008E0A3F /* Info.plist */ = {isa = PBXFileReference; lastKnownFileType = text.plist.xml; path = Info.plist; sourceTree = "<group>"; };
/* End PBXFileReference section */

/* Begin PBXFrameworksBuildPhase section */
		B84508C52004EB99008E0A3F /* Frameworks */ = {
			isa = PBXFrameworksBuildPhase;
			buildActionMask = 2147483647;
			files = (
			);
			runOnlyForDeploymentPostprocessing = 0;
		};
		B84508D92004EB99008E0A3F /* Frameworks */ = {
			isa = PBXFrameworksBuildPhase;
			buildActionMask = 2147483647;
			files = (
			);
			runOnlyForDeploymentPostprocessing = 0;
		};
		B84508E42004EB99008E0A3F /* Frameworks */ = {
			isa = PBXFrameworksBuildPhase;
			buildActionMask = 2147483647;
			files = (
			);
			runOnlyForDeploymentPostprocessing = 0;
		};
/* End PBXFrameworksBuildPhase section */

/* Begin PBXGroup section */
		B84508BF2004EB99008E0A3F = {
			isa = PBXGroup;
			children = (
				B84508CA2004EB99008E0A3F /* myfirstapp */,
				B84508DF2004EB99008E0A3F /* myfirstappTests */,
				B84508EA2004EB99008E0A3F /* myfirstappUITests */,
				B84508C92004EB99008E0A3F /* Products */,
			);
			sourceTree = "<group>";
		};
		B84508C92004EB99008E0A3F /* Products */ = {
			isa = PBXGroup;
			children = (
				B84508C82004EB99008E0A3F /* myfirstapp.app */,
				B84508DC2004EB99008E0A3F /* myfirstappTests.xctest */,
				B84508E72004EB99008E0A3F /* myfirstappUITests.xctest */,
			);
			name = Products;
			sourceTree = "<group>";
		};
		B84508CA2004EB99008E0A3F /* myfirstapp */ = {
			isa = PBXGroup;
			children = (
				B84508CB2004EB99008E0A3F /* AppDelegate.swift */,
				B84508CD2004EB99008E0A3F /* ViewController.swift */,
				B84508CF2004EB99008E0A3F /* Main.storyboard */,
				B84508D22004EB99008E0A3F /* Assets.xcassets */,
				B84508D42004EB99008E0A3F /* LaunchScreen.storyboard */,
				B84508D72004EB99008E0A3F /* Info.plist */,
			);
			path = myfirstapp;
			sourceTree = "<group>";
		};
		B84508DF2004EB99008E0A3F /* myfirstappTests */ = {
			isa = PBXGroup;
			children = (
				B84508E02004EB99008E0A3F /* myfirstappTests.swift */,
				B84508E22004EB99008E0A3F /* Info.plist */,
			);
			path = myfirstappTests;
			sourceTree = "<group>";
		};
		B84508EA2004EB99008E0A3F /* myfirstappUITests */ = {
			isa = PBXGroup;
			children = (
				B84508EB2004EB99008E0A3F /* myfirstappUITests.swift */,
				B84508ED2004EB99008E0A3F /* Info.plist */,
			);
			path = myfirstappUITests;
			sourceTree = "<group>";
		};
/* End PBXGroup section */

/* Begin PBXNativeTarget section */
		B84508C72004EB99008E0A3F /* myfirstapp */ = {
			isa = PBXNativeTarget;
			buildConfigurationList = B84508F02004EB99008E0A3F /* Build configuration list for PBXNativeTarget "myfirstapp" */;
			buildPhases = (
				B84508C42004EB99008E0A3F /* Sources */,
				B84508C52004EB99008E0A3F /* Frameworks */,
				B84508C62004EB99008E0A3F /* Resources */,
			);
			buildRules = (
			);
			dependencies = (
			);
			name = myfirstapp;
			productName = myfirstapp;
			productReference = B84508C82004EB99008E0A3F /* myfirstapp.app */;
			productType = "com.apple.product-type.application";
		};
		B84508DB2004EB99008E0A3F /* myfirstappTests */ = {
			isa = PBXNativeTarget;
			buildConfigurationList = B84508F32004EB99008E0A3F /* Build configuration list for PBXNativeTarget "myfirstappTests" */;
			buildPhases = (
				B84508D82004EB99008E0A3F /* Sources */,
				B84508D92004EB99008E0A3F /* Frameworks */,
				B84508DA2004EB99008E0A3F /* Resources */,
			);
			buildRules = (
			);
			dependencies = (
				B84508DE2004EB99008E0A3F /* PBXTargetDependency */,
			);
			name = myfirstappTests;
			productName = myfirstappTests;
			productReference = B84508DC2004EB99008E0A3F /* myfirstappTests.xctest */;
			productType = "com.apple.product-type.bundle.unit-test";
		};
		B84508E62004EB99008E0A3F /* myfirstappUITests */ = {
			isa = PBXNativeTarget;
			buildConfigurationList = B84508F62004EB99008E0A3F /* Build configuration list for PBXNativeTarget "myfirstappUITests" */;
			buildPhases = (
				B84508E32004EB99008E0A3F /* Sources */,
				B84508E42004EB99008E0A3F /* Frameworks */,
				B84508E52004EB99008E0A3F /* Resources */,
			);
			buildRules = (
			);
			dependencies = (
				B84508E92004EB99008E0A3F /* PBXTargetDependency */,
			);
			name = myfirstappUITests;
			productName = myfirstappUITests;
			productReference = B84508E72004EB99008E0A3F /* myfirstappUITests.xctest */;
			productType = "com.apple.product-type.bundle.ui-testing";
		};
/* End PBXNativeTarget section */

/* Begin PBXProject section */
		B84508C02004EB99008E0A3F /* Project object */ = {
			isa = PBXProject;
			attributes = {
				LastSwiftUpdateCheck = 0920;
				LastUpgradeCheck = 0920;
				ORGANIZATIONNAME = naji.com;
				TargetAttributes = {
					B84508C72004EB99008E0A3F = {
						CreatedOnToolsVersion = 9.2;
						ProvisioningStyle = Automatic;
					};
					B84508DB2004EB99008E0A3F = {
						CreatedOnToolsVersion = 9.2;
						ProvisioningStyle = Automatic;
						TestTargetID = B84508C72004EB99008E0A3F;
					};
					B84508E62004EB99008E0A3F = {
						CreatedOnToolsVersion = 9.2;
						ProvisioningStyle = Automatic;
						TestTargetID = B84508C72004EB99008E0A3F;
					};
				};
			};
			buildConfigurationList = B84508C32004EB99008E0A3F /* Build configuration list for PBXProject "myfirstapp" */;
			compatibilityVersion = "Xcode 8.0";
			developmentRegion = en;
			hasScannedForEncodings = 0;
			knownRegions = (
				en,
				Base,
			);
			mainGroup = B84508BF2004EB99008E0A3F;
			productRefGroup = B84508C92004EB99008E0A3F /* Products */;
			projectDirPath = "";
			projectRoot = "";
			targets = (
				B84508C72004EB99008E0A3F /* myfirstapp */,
				B84508DB2004EB99008E0A3F /* myfirstappTests */,
				B84508E62004EB99008E0A3F /* myfirstappUITests */,
			);
		};
/* End PBXProject section */

/* Begin PBXResourcesBuildPhase section */
		B84508C62004EB99008E0A3F /* Resources */ = {
			isa = PBXResourcesBuildPhase;
			buildActionMask = 2147483647;
			files = (
				B84508D62004EB99008E0A3F /* LaunchScreen.storyboard in Resources */,
				B84508D32004EB99008E0A3F /* Assets.xcassets in Resources */,
				B84508D12004EB99008E0A3F /* Main.storyboard in Resources */,
			);
			runOnlyForDeploymentPostprocessing = 0;
		};
		B84508DA2004EB99008E0A3F /* Resources */ = {
			isa = PBXResourcesBuildPhase;
			buildActionMask = 2147483647;
			files = (
			);
			runOnlyForDeploymentPostprocessing = 0;
		};
		B84508E52004EB99008E0A3F /* Resources */ = {
			isa = PBXResourcesBuildPhase;
			buildActionMask = 2147483647;
			files = (
			);
			runOnlyForDeploymentPostprocessing = 0;
		};
/* End PBXResourcesBuildPhase section */

/* Begin PBXSourcesBuildPhase section */
		B84508C42004EB99008E0A3F /* Sources */ = {
			isa = PBXSourcesBuildPhase;
			buildActionMask = 2147483647;
			files = (
				B84508CE2004EB99008E0A3F /* ViewController.swift in Sources */,
				B84508CC2004EB99008E0A3F /* AppDelegate.swift in Sources */,
			);
			runOnlyForDeploymentPostprocessing = 0;
		};
		B84508D82004EB99008E0A3F /* Sources */ = {
			isa = PBXSourcesBuildPhase;
			buildActionMask = 2147483647;
			files = (
				B84508E12004EB99008E0A3F /* myfirstappTests.swift in Sources */,
			);
			runOnlyForDeploymentPostprocessing = 0;
		};
		B84508E32004EB99008E0A3F /* Sources */ = {
			isa = PBXSourcesBuildPhase;
			buildActionMask = 2147483647;
			files = (
				B84508EC2004EB99008E0A3F /* myfirstappUITests.swift in Sources */,
			);
			runOnlyForDeploymentPostprocessing = 0;
		};
/* End PBXSourcesBuildPhase section */

/* Begin PBXTargetDependency section */
		B84508DE2004EB99008E0A3F /* PBXTargetDependency */ = {
			isa = PBXTargetDependency;
			target = B84508C72004EB99008E0A3F /* myfirstapp */;
			targetProxy = B84508DD2004EB99008E0A3F /* PBXContainerItemProxy */;
		};
		B84508E92004EB99008E0A3F /* PBXTargetDependency */ = {
			isa = PBXTargetDependency;
			target = B84508C72004EB99008E0A3F /* myfirstapp */;
			targetProxy = B84508E82004EB99008E0A3F /* PBXContainerItemProxy */;
		};
/* End PBXTargetDependency section */

/* Begin PBXVariantGroup section */
		B84508CF2004EB99008E0A3F /* Main.storyboard */ = {
			isa = PBXVariantGroup;
			children = (
				B84508D02004EB99008E0A3F /* Base */,
			);
			name = Main.storyboard;
			sourceTree = "<group>";
		};
		B84508D42004EB99008E0A3F /* LaunchScreen.storyboard */ = {
			isa = PBXVariantGroup;
			children = (
				B84508D52004EB99008E0A3F /* Base */,
			);
			name = LaunchScreen.storyboard;
			sourceTree = "<group>";
		};
/* End PBXVariantGroup section */

/* Begin XCBuildConfiguration section */
		B84508EE2004EB99008E0A3F /* Debug */ = {
			isa = XCBuildConfiguration;
			buildSettings = {
				ALWAYS_SEARCH_USER_PATHS = NO;
				CLANG_ANALYZER_NONNULL = YES;
				CLANG_ANALYZER_NUMBER_OBJECT_CONVERSION = YES_AGGRESSIVE;
				CLANG_CXX_LANGUAGE_STANDARD = "gnu++14";
				CLANG_CXX_LIBRARY = "libc++";
				CLANG_ENABLE_MODULES = YES;
				CLANG_ENABLE_OBJC_ARC = YES;
				CLANG_WARN_BLOCK_CAPTURE_AUTORELEASING = YES;
				CLANG_WARN_BOOL_CONVERSION = YES;
				CLANG_WARN_COMMA = YES;
				CLANG_WARN_CONSTANT_CONVERSION = YES;
				CLANG_WARN_DIRECT_OBJC_ISA_USAGE = YES_ERROR;
				CLANG_WARN_DOCUMENTATION_COMMENTS = YES;
				CLANG_WARN_EMPTY_BODY = YES;
				CLANG_WARN_ENUM_CONVERSION = YES;
				CLANG_WARN_INFINITE_RECURSION = YES;
				CLANG_WARN_INT_CONVERSION = YES;
				CLANG_WARN_NON_LITERAL_NULL_CONVERSION = YES;
				CLANG_WARN_OBJC_LITERAL_CONVERSION = YES;
				CLANG_WARN_OBJC_ROOT_CLASS = YES_ERROR;
				CLANG_WARN_RANGE_LOOP_ANALYSIS = YES;
				CLANG_WARN_STRICT_PROTOTYPES = YES;
				CLANG_WARN_SUSPICIOUS_MOVE = YES;
				CLANG_WARN_UNGUARDED_AVAILABILITY = YES_AGGRESSIVE;
				CLANG_WARN_UNREACHABLE_CODE = YES;
				CLANG_WARN__DUPLICATE_METHOD_MATCH = YES;
				CODE_SIGN_IDENTITY = "iPhone Developer";
				COPY_PHASE_STRIP = NO;
				DEBUG_INFORMATION_FORMAT = dwarf;
				ENABLE_STRICT_OBJC_MSGSEND = YES;
				ENABLE_TESTABILITY = YES;
				GCC_C_LANGUAGE_STANDARD = gnu11;
				GCC_DYNAMIC_NO_PIC = NO;
				GCC_NO_COMMON_BLOCKS = YES;
				GCC_OPTIMIZATION_LEVEL = 0;
				GCC_PREPROCESSOR_DEFINITIONS = (
					"DEBUG=1",
					"$(inherited)",
				);
				GCC_WARN_64_TO_32_BIT_CONVERSION = YES;
				GCC_WARN_ABOUT_RETURN_TYPE = YES_ERROR;
				GCC_WARN_UNDECLARED_SELECTOR = YES;
				GCC_WARN_UNINITIALIZED_AUTOS = YES_AGGRESSIVE;
				GCC_WARN_UNUSED_FUNCTION = YES;
				GCC_WARN_UNUSED_VARIABLE = YES;
				IPHONEOS_DEPLOYMENT_TARGET = 11.2;
				MTL_ENABLE_DEBUG_INFO = YES;
				ONLY_ACTIVE_ARCH = YES;
				SDKROOT = iphoneos;
				SWIFT_ACTIVE_COMPILATION_CONDITIONS = DEBUG;
				SWIFT_OPTIMIZATION_LEVEL = "-Onone";
			};
			name = Debug;
		};
		B84508EF2004EB99008E0A3F /* Release */ = {
			isa = XCBuildConfiguration;
			buildSettings = {
				ALWAYS_SEARCH_USER_PATHS = NO;
				CLANG_ANALYZER_NONNULL = YES;
				CLANG_ANALYZER_NUMBER_OBJECT_CONVERSION = YES_AGGRESSIVE;
				CLANG_CXX_LANGUAGE_STANDARD = "gnu++14";
				CLANG_CXX_LIBRARY = "libc++";
				CLANG_ENABLE_MODULES = YES;
				CLANG_ENABLE_OBJC_ARC = YES;
				CLANG_WARN_BLOCK_CAPTURE_AUTORELEASING = YES;
				CLANG_WARN_BOOL_CONVERSION = YES;
				CLANG_WARN_COMMA = YES;
				CLANG_WARN_CONSTANT_CONVERSION = YES;
				CLANG_WARN_DIRECT_OBJC_ISA_USAGE = YES_ERROR;
				CLANG_WARN_DOCUMENTATION_COMMENTS = YES;
				CLANG_WARN_EMPTY_BODY = YES;
				CLANG_WARN_ENUM_CONVERSION = YES;
				CLANG_WARN_INFINITE_RECURSION = YES;
				CLANG_WARN_INT_CONVERSION = YES;
				CLANG_WARN_NON_LITERAL_NULL_CONVERSION = YES;
				CLANG_WARN_OBJC_LITERAL_CONVERSION = YES;
				CLANG_WARN_OBJC_ROOT_CLASS = YES_ERROR;
				CLANG_WARN_RANGE_LOOP_ANALYSIS = YES;
				CLANG_WARN_STRICT_PROTOTYPES = YES;
				CLANG_WARN_SUSPICIOUS_MOVE = YES;
				CLANG_WARN_UNGUARDED_AVAILABILITY = YES_AGGRESSIVE;
				CLANG_WARN_UNREACHABLE_CODE = YES;
				CLANG_WARN__DUPLICATE_METHOD_MATCH = YES;
				CODE_SIGN_IDENTITY = "iPhone Developer";
				COPY_PHASE_STRIP = NO;
				DEBUG_INFORMATION_FORMAT = "dwarf-with-dsym";
				ENABLE_NS_ASSERTIONS = NO;
				ENABLE_STRICT_OBJC_MSGSEND = YES;
				GCC_C_LANGUAGE_STANDARD = gnu11;
				GCC_NO_COMMON_BLOCKS = YES;
				GCC_WARN_64_TO_32_BIT_CONVERSION = YES;
				GCC_WARN_ABOUT_RETURN_TYPE = YES_ERROR;
				GCC_WARN_UNDECLARED_SELECTOR = YES;
				GCC_WARN_UNINITIALIZED_AUTOS = YES_AGGRESSIVE;
				GCC_WARN_UNUSED_FUNCTION = YES;
				GCC_WARN_UNUSED_VARIABLE = YES;
				IPHONEOS_DEPLOYMENT_TARGET = 11.2;
				MTL_ENABLE_DEBUG_INFO = NO;
				SDKROOT = iphoneos;
				SWIFT_OPTIMIZATION_LEVEL = "-Owholemodule";
				VALIDATE_PRODUCT = YES;
			};
			name = Release;
		};
		B84508F12004EB99008E0A3F /* Debug */ = {
			isa = XCBuildConfiguration;
			buildSettings = {
				ASSETCATALOG_COMPILER_APPICON_NAME = AppIcon;
				CODE_SIGN_STYLE = Automatic;
				DEVELOPMENT_TEAM = E4QJ3YR9FT;
				INFOPLIST_FILE = myfirstapp/Info.plist;
				LD_RUNPATH_SEARCH_PATHS = "$(inherited) @executable_path/Frameworks";
				PRODUCT_BUNDLE_IDENTIFIER = com.naji.com.myfirstapp;
				PRODUCT_NAME = "$(TARGET_NAME)";
				SWIFT_VERSION = 4.0;
				TARGETED_DEVICE_FAMILY = "1,2";
			};
			name = Debug;
		};
		B84508F22004EB99008E0A3F /* Release */ = {
			isa = XCBuildConfiguration;
			buildSettings = {
				ASSETCATALOG_COMPILER_APPICON_NAME = AppIcon;
				CODE_SIGN_STYLE = Automatic;
				DEVELOPMENT_TEAM = E4QJ3YR9FT;
				INFOPLIST_FILE = myfirstapp/Info.plist;
				LD_RUNPATH_SEARCH_PATHS = "$(inherited) @executable_path/Frameworks";
				PRODUCT_BUNDLE_IDENTIFIER = com.naji.com.myfirstapp;
				PRODUCT_NAME = "$(TARGET_NAME)";
				SWIFT_VERSION = 4.0;
				TARGETED_DEVICE_FAMILY = "1,2";
			};
			name = Release;
		};
		B84508F42004EB99008E0A3F /* Debug */ = {
			isa = XCBuildConfiguration;
			buildSettings = {
				ALWAYS_EMBED_SWIFT_STANDARD_LIBRARIES = YES;
				BUNDLE_LOADER = "$(TEST_HOST)";
				CODE_SIGN_STYLE = Automatic;
				DEVELOPMENT_TEAM = E4QJ3YR9FT;
				INFOPLIST_FILE = myfirstappTests/Info.plist;
				LD_RUNPATH_SEARCH_PATHS = "$(inherited) @executable_path/Frameworks @loader_path/Frameworks";
				PRODUCT_BUNDLE_IDENTIFIER = com.naji.com.myfirstappTests;
				PRODUCT_NAME = "$(TARGET_NAME)";
				SWIFT_VERSION = 4.0;
				TARGETED_DEVICE_FAMILY = "1,2";
				TEST_HOST = "$(BUILT_PRODUCTS_DIR)/myfirstapp.app/myfirstapp";
			};
			name = Debug;
		};
		B84508F52004EB99008E0A3F /* Release */ = {
			isa = XCBuildConfiguration;
			buildSettings = {
				ALWAYS_EMBED_SWIFT_STANDARD_LIBRARIES = YES;
				BUNDLE_LOADER = "$(TEST_HOST)";
				CODE_SIGN_STYLE = Automatic;
				DEVELOPMENT_TEAM = E4QJ3YR9FT;
				INFOPLIST_FILE = myfirstappTests/Info.plist;
				LD_RUNPATH_SEARCH_PATHS = "$(inherited) @executable_path/Frameworks @loader_path/Frameworks";
				PRODUCT_BUNDLE_IDENTIFIER = com.naji.com.myfirstappTests;
				PRODUCT_NAME = "$(TARGET_NAME)";
				SWIFT_VERSION = 4.0;
				TARGETED_DEVICE_FAMILY = "1,2";
				TEST_HOST = "$(BUILT_PRODUCTS_DIR)/myfirstapp.app/myfirstapp";
			};
			name = Release;
		};
		B84508F72004EB99008E0A3F /* Debug */ = {
			isa = XCBuildConfiguration;
			buildSettings = {
				ALWAYS_EMBED_SWIFT_STANDARD_LIBRARIES = YES;
				CODE_SIGN_STYLE = Automatic;
				DEVELOPMENT_TEAM = E4QJ3YR9FT;
				INFOPLIST_FILE = myfirstappUITests/Info.plist;
				LD_RUNPATH_SEARCH_PATHS = "$(inherited) @executable_path/Frameworks @loader_path/Frameworks";
				PRODUCT_BUNDLE_IDENTIFIER = com.naji.com.myfirstappUITests;
				PRODUCT_NAME = "$(TARGET_NAME)";
				SWIFT_VERSION = 4.0;
				TARGETED_DEVICE_FAMILY = "1,2";
				TEST_TARGET_NAME = myfirstapp;
			};
			name = Debug;
		};
		B84508F82004EB99008E0A3F /* Release */ = {
			isa = XCBuildConfiguration;
			buildSettings = {
				ALWAYS_EMBED_SWIFT_STANDARD_LIBRARIES = YES;
				CODE_SIGN_STYLE = Automatic;
				DEVELOPMENT_TEAM = E4QJ3YR9FT;
				INFOPLIST_FILE = myfirstappUITests/Info.plist;
				LD_RUNPATH_SEARCH_PATHS = "$(inherited) @executable_path/Frameworks @loader_path/Frameworks";
				PRODUCT_BUNDLE_IDENTIFIER = com.naji.com.myfirstappUITests;
				PRODUCT_NAME = "$(TARGET_NAME)";
				SWIFT_VERSION = 4.0;
				TARGETED_DEVICE_FAMILY = "1,2";
				TEST_TARGET_NAME = myfirstapp;
			};
			name = Release;
		};
/* End XCBuildConfiguration section */

/* Begin XCConfigurationList section */
		B84508C32004EB99008E0A3F /* Build configuration list for PBXProject "myfirstapp" */ = {
			isa = XCConfigurationList;
			buildConfigurations = (
				B84508EE2004EB99008E0A3F /* Debug */,
				B84508EF2004EB99008E0A3F /* Release */,
			);
			defaultConfigurationIsVisible = 0;
			defaultConfigurationName = Release;
		};
		B84508F02004EB99008E0A3F /* Build configuration list for PBXNativeTarget "myfirstapp" */ = {
			isa = XCConfigurationList;
			buildConfigurations = (
				B84508F12004EB99008E0A3F /* Debug */,
				B84508F22004EB99008E0A3F /* Release */,
			);
			defaultConfigurationIsVisible = 0;
			defaultConfigurationName = Release;
		};
		B84508F32004EB99008E0A3F /* Build configuration list for PBXNativeTarget "myfirstappTests" */ = {
			isa = XCConfigurationList;
			buildConfigurations = (
				B84508F42004EB99008E0A3F /* Debug */,
				B84508F52004EB99008E0A3F /* Release */,
			);
			defaultConfigurationIsVisible = 0;
			defaultConfigurationName = Release;
		};
		B84508F62004EB99008E0A3F /* Build configuration list for PBXNativeTarget "myfirstappUITests" */ = {
			isa = XCConfigurationList;
			buildConfigurations = (
				B84508F72004EB99008E0A3F /* Debug */,
				B84508F82004EB99008E0A3F /* Release */,
			);
			defaultConfigurationIsVisible = 0;
			defaultConfigurationName = Release;
		};
/* End XCConfigurationList section */
	};
	rootObject = B84508C02004EB99008E0A3F /* Project object */;
}
